
Microsoft Visual Studio Solution File, Format Version 12.00
# Visual Studio Version 17
VisualStudioVersion = 17.9.34622.214
MinimumVisualStudioVersion = 10.0.40219.1
Project("{9A19103F-16F7-4668-BE54-9A1E7A4F7556}") = "ChopChop.Extensions.Data", "ChopChop.Extensions.Data\ChopChop.Extensions.Data.csproj", "{64587121-25AB-41FC-9D86-FB1826A51106}"
EndProject
Project("{9A19103F-16F7-4668-BE54-9A1E7A4F7556}") = "ChopChop.Extensions.Identity.Firebase", "ChopChop.Extensions.Identity.Firebase\ChopChop.Extensions.Identity.Firebase.csproj", "{8F9982FF-3BBB-4561-BA3F-AD70F47ACEBB}"
EndProject
Project("{FAE04EC0-301F-11D3-BF4B-00C04F79EFBC}") = "ChopChop.Extension.Exception", "ChopChop.Extension.Exception\ChopChop.Extension.Exception.csproj", "{19E9B0B5-6694-4FDB-A689-7A9531632D1C}"
EndProject
Global
	GlobalSection(SolutionConfigurationPlatforms) = preSolution
		Debug|Any CPU = Debug|Any CPU
		Release|Any CPU = Release|Any CPU
	EndGlobalSection
	GlobalSection(ProjectConfigurationPlatforms) = postSolution
		{64587121-25AB-41FC-9D86-FB1826A51106}.Debug|Any CPU.ActiveCfg = Debug|Any CPU
		{64587121-25AB-41FC-9D86-FB1826A51106}.Debug|Any CPU.Build.0 = Debug|Any CPU
		{64587121-25AB-41FC-9D86-FB1826A51106}.Release|Any CPU.ActiveCfg = Release|Any CPU
		{64587121-25AB-41FC-9D86-FB1826A51106}.Release|Any CPU.Build.0 = Release|Any CPU
		{8F9982FF-3BBB-4561-BA3F-AD70F47ACEBB}.Debug|Any CPU.ActiveCfg = Debug|Any CPU
		{8F9982FF-3BBB-4561-BA3F-AD70F47ACEBB}.Debug|Any CPU.Build.0 = Debug|Any CPU
		{8F9982FF-3BBB-4561-BA3F-AD70F47ACEBB}.Release|Any CPU.ActiveCfg = Release|Any CPU
		{8F9982FF-3BBB-4561-BA3F-AD70F47ACEBB}.Release|Any CPU.Build.0 = Release|Any CPU
		{19E9B0B5-6694-4FDB-A689-7A9531632D1C}.Debug|Any CPU.ActiveCfg = Debug|Any CPU
		{19E9B0B5-6694-4FDB-A689-7A9531632D1C}.Debug|Any CPU.Build.0 = Debug|Any CPU
		{19E9B0B5-6694-4FDB-A689-7A9531632D1C}.Release|Any CPU.ActiveCfg = Release|Any CPU
		{19E9B0B5-6694-4FDB-A689-7A9531632D1C}.Release|Any CPU.Build.0 = Release|Any CPU
	EndGlobalSection
	GlobalSection(SolutionProperties) = preSolution
		HideSolutionNode = FALSE
	EndGlobalSection
	GlobalSection(ExtensibilityGlobals) = postSolution
		SolutionGuid = {E6A2AAFE-9462-443E-989C-F14EA787C5B0}
	EndGlobalSection
EndGlobal
